{
  "version": 4,
  "terraform_version": "1.13.3",
  "serial": 74,
  "lineage": "8789efc9-024d-36e6-ecb5-92236d879ab5",
  "outputs": {},
  "resources": [
    {
      "mode": "managed",
      "type": "helm_release",
      "name": "voting-app-ruby",
      "provider": "provider[\"registry.terraform.io/hashicorp/helm\"]",
      "instances": [
        {
          "schema_version": 1,
          "attributes": {
            "atomic": false,
            "chart": "../helm",
            "cleanup_on_fail": false,
            "create_namespace": false,
            "dependency_update": false,
            "description": null,
            "devel": null,
            "disable_crd_hooks": false,
            "disable_openapi_validation": false,
            "disable_webhooks": false,
            "force_update": false,
            "id": "voting-app-ruby",
            "keyring": null,
            "lint": false,
            "manifest": null,
            "max_history": 0,
            "metadata": [
              {
                "app_version": "1.0",
                "chart": "voting-app-ruby",
                "first_deployed": 1764511433,
                "last_deployed": 1764511433,
                "name": "voting-app-ruby",
                "namespace": "default",
                "notes": "",
                "revision": 1,
                "values": "{\"result\":{\"image\":{\"repository\":\"voting-app-ruby-result\",\"tag\":\"latest\"}},\"vote\":{\"image\":{\"pullPolicy\":\"Never\",\"repository\":\"voting-app-ruby-vote\",\"tag\":\"latest\"}},\"worker\":{\"image\":{\"repository\":\"voting-app-ruby-worker\",\"tag\":\"latest\"}}}",
                "version": "0.1.0"
              }
            ],
            "name": "voting-app-ruby",
            "namespace": "default",
            "pass_credentials": false,
            "postrender": [],
            "recreate_pods": false,
            "render_subchart_notes": true,
            "replace": false,
            "repository": null,
            "repository_ca_file": null,
            "repository_cert_file": null,
            "repository_key_file": null,
            "repository_password": null,
            "repository_username": null,
            "reset_values": false,
            "reuse_values": false,
            "set": [
              {
                "name": "result.image.repository",
                "type": "",
                "value": "voting-app-ruby-result"
              },
              {
                "name": "result.image.tag",
                "type": "",
                "value": "latest"
              },
              {
                "name": "vote.image.pullPolicy",
                "type": "",
                "value": "Never"
              },
              {
                "name": "vote.image.repository",
                "type": "",
                "value": "voting-app-ruby-vote"
              },
              {
                "name": "vote.image.tag",
                "type": "",
                "value": "latest"
              },
              {
                "name": "worker.image.repository",
                "type": "",
                "value": "voting-app-ruby-worker"
              },
              {
                "name": "worker.image.tag",
                "type": "",
                "value": "latest"
              }
            ],
            "set_list": [],
            "set_sensitive": [],
            "skip_crds": false,
            "status": "deployed",
            "timeout": 300,
            "upgrade_install": null,
            "values": null,
            "verify": false,
            "version": "0.1.0",
            "wait": true,
            "wait_for_jobs": false
          },
          "sensitive_attributes": [
            [
              {
                "type": "get_attr",
                "value": "repository_password"
              }
            ]
          ],
          "identity_schema_version": 0,
          "private": "eyJzY2hlbWFfdmVyc2lvbiI6IjEifQ==",
          "dependencies": [
            "null_resource.minikube_images",
            "null_resource.minikube_start"
          ]
        }
      ]
    },
    {
      "mode": "managed",
      "type": "null_resource",
      "name": "minikube_images",
      "provider": "provider[\"registry.terraform.io/hashicorp/null\"]",
      "instances": [
        {
          "schema_version": 0,
          "attributes": {
            "id": "42147726340676554",
            "triggers": null
          },
          "sensitive_attributes": [],
          "identity_schema_version": 0,
          "dependencies": [
            "null_resource.minikube_start"
          ]
        }
      ]
    },
    {
      "mode": "managed",
      "type": "null_resource",
      "name": "minikube_start",
      "provider": "provider[\"registry.terraform.io/hashicorp/null\"]",
      "instances": [
        {
          "schema_version": 0,
          "attributes": {
            "id": "7065765543890570009",
            "triggers": null
          },
          "sensitive_attributes": [],
          "identity_schema_version": 0
        }
      ]
    }
  ],
  "check_results": null
}
